{
  "name": "otto-health-scripts",
  "version": "0.1.0",
  "lockfileVersion": 3,
  "requires": true,
  "packages": {
    "": {
      "name": "otto-health-scripts",
      "version": "0.1.0",
      "dependencies": {
        "@otto/bio-age": "file:../../bio-age",
        "@otto/shared": "file:../../shared"
      }
    },
    "../../bio-age": {
      "name": "@otto/bio-age",
      "version": "0.0.1",
      "dependencies": {
        "@otto/shared": "*"
      },
      "devDependencies": {
        "@vitest/coverage-v8": "^3.2.4",
        "vitest": "^3.0.0"
      }
    },
    "../../shared": {
      "name": "@otto/shared",
      "version": "0.0.1"
    },
    "node_modules/@otto/bio-age": {
      "resolved": "../../bio-age",
      "link": true
    },
    "node_modules/@otto/shared": {
      "resolved": "../../shared",
      "link": true
    }
  }
}
